// !$*UTF8*$!
{
	archiveVersion = 1;
	classes = {
	};
	objectVersion = 51;
	objects = {

/* Begin PBXBuildFile section */
		840CA92A25F115BA00DB79BC /* GalleryTabBar.swift in Sources */ = {isa = PBXBuildFile; fileRef = 840CA92925F115BA00DB79BC /* GalleryTabBar.swift */; };
		8472365525E0F86600C8BA46 /* AppDelegate.swift in Sources */ = {isa = PBXBuildFile; fileRef = 8472365425E0F86600C8BA46 /* AppDelegate.swift */; };
		8472365725E0F86600C8BA46 /* SceneDelegate.swift in Sources */ = {isa = PBXBuildFile; fileRef = 8472365625E0F86600C8BA46 /* SceneDelegate.swift */; };
		8472365925E0F86600C8BA46 /* GalleryVC.swift in Sources */ = {isa = PBXBuildFile; fileRef = 8472365825E0F86600C8BA46 /* GalleryVC.swift */; };
		8472365C25E0F86600C8BA46 /* Main.storyboard in Resources */ = {isa = PBXBuildFile; fileRef = 8472365A25E0F86600C8BA46 /* Main.storyboard */; };
		8472365E25E0F86700C8BA46 /* Assets.xcassets in Resources */ = {isa = PBXBuildFile; fileRef = 8472365D25E0F86700C8BA46 /* Assets.xcassets */; };
		8472366125E0F86700C8BA46 /* LaunchScreen.storyboard in Resources */ = {isa = PBXBuildFile; fileRef = 8472365F25E0F86700C8BA46 /* LaunchScreen.storyboard */; };
		8472366E25E0F89800C8BA46 /* GalleryPresenter.swift in Sources */ = {isa = PBXBuildFile; fileRef = 8472366D25E0F89800C8BA46 /* GalleryPresenter.swift */; };
		8472367125E0F8A400C8BA46 /* GalleryModel.swift in Sources */ = {isa = PBXBuildFile; fileRef = 8472367025E0F8A400C8BA46 /* GalleryModel.swift */; };
		84AAB7CE25E0F96200C862C7 /* GalleryCVCell.swift in Sources */ = {isa = PBXBuildFile; fileRef = 84AAB7CD25E0F96200C862C7 /* GalleryCVCell.swift */; };
		84AAB7D625E0FA1300C862C7 /* GalleryNetworkService.swift in Sources */ = {isa = PBXBuildFile; fileRef = 84AAB7D525E0FA1300C862C7 /* GalleryNetworkService.swift */; };
		84B49EE525EFAF1100B09830 /* UIKit + Extention.swift in Sources */ = {isa = PBXBuildFile; fileRef = 84B49EE425EFAF1100B09830 /* UIKit + Extention.swift */; };
		84B49EE825EFB27900B09830 /* FavoriteManager.swift in Sources */ = {isa = PBXBuildFile; fileRef = 84B49EE725EFB27900B09830 /* FavoriteManager.swift */; };
		84CBAFDA25E109A00010F2C9 /* DetailImageVC.swift in Sources */ = {isa = PBXBuildFile; fileRef = 84CBAFD925E109A00010F2C9 /* DetailImageVC.swift */; };
		84CBAFE025E115180010F2C9 /* DetailPresenter.swift in Sources */ = {isa = PBXBuildFile; fileRef = 84CBAFDF25E115180010F2C9 /* DetailPresenter.swift */; };
		84CBAFE725E131320010F2C9 /* AddToFavoriteManager.swift in Sources */ = {isa = PBXBuildFile; fileRef = 84CBAFE625E131320010F2C9 /* AddToFavoriteManager.swift */; };
		84CBAFF025E246A10010F2C9 /* FavoriteImagesVC.swift in Sources */ = {isa = PBXBuildFile; fileRef = 84CBAFEF25E246A10010F2C9 /* FavoriteImagesVC.swift */; };
		84CBAFFC25E4F5EE0010F2C9 /* FavoriteCollectionViewCell.swift in Sources */ = {isa = PBXBuildFile; fileRef = 84CBAFFB25E4F5EE0010F2C9 /* FavoriteCollectionViewCell.swift */; };
		D4412D8BCC82D210353CDC1B /* Pods_TestOne.framework in Frameworks */ = {isa = PBXBuildFile; fileRef = C301055E2D7BD6B4BDCE513A /* Pods_TestOne.framework */; };
/* End PBXBuildFile section */

/* Begin PBXFileReference section */
		7B9FE943698FE85C88690181 /* Pods-TestOne.release.xcconfig */ = {isa = PBXFileReference; includeInIndex = 1; lastKnownFileType = text.xcconfig; name = "Pods-TestOne.release.xcconfig"; path = "Target Support Files/Pods-TestOne/Pods-TestOne.release.xcconfig"; sourceTree = "<group>"; };
		840CA92925F115BA00DB79BC /* GalleryTabBar.swift */ = {isa = PBXFileReference; lastKnownFileType = sourcecode.swift; path = GalleryTabBar.swift; sourceTree = "<group>"; };
		8472365125E0F86600C8BA46 /* TestOne.app */ = {isa = PBXFileReference; explicitFileType = wrapper.application; includeInIndex = 0; path = TestOne.app; sourceTree = BUILT_PRODUCTS_DIR; };
		8472365425E0F86600C8BA46 /* AppDelegate.swift */ = {isa = PBXFileReference; lastKnownFileType = sourcecode.swift; path = AppDelegate.swift; sourceTree = "<group>"; };
		8472365625E0F86600C8BA46 /* SceneDelegate.swift */ = {isa = PBXFileReference; lastKnownFileType = sourcecode.swift; path = SceneDelegate.swift; sourceTree = "<group>"; };
		8472365825E0F86600C8BA46 /* GalleryVC.swift */ = {isa = PBXFileReference; lastKnownFileType = sourcecode.swift; path = GalleryVC.swift; sourceTree = "<group>"; };
		8472365B25E0F86600C8BA46 /* Base */ = {isa = PBXFileReference; lastKnownFileType = file.storyboard; name = Base; path = Base.lproj/Main.storyboard; sourceTree = "<group>"; };
		8472365D25E0F86700C8BA46 /* Assets.xcassets */ = {isa = PBXFileReference; lastKnownFileType = folder.assetcatalog; path = Assets.xcassets; sourceTree = "<group>"; };
		8472366025E0F86700C8BA46 /* Base */ = {isa = PBXFileReference; lastKnownFileType = file.storyboard; name = Base; path = Base.lproj/LaunchScreen.storyboard; sourceTree = "<group>"; };
		8472366225E0F86700C8BA46 /* Info.plist */ = {isa = PBXFileReference; lastKnownFileType = text.plist.xml; path = Info.plist; sourceTree = "<group>"; };
		8472366D25E0F89800C8BA46 /* GalleryPresenter.swift */ = {isa = PBXFileReference; lastKnownFileType = sourcecode.swift; path = GalleryPresenter.swift; sourceTree = "<group>"; };
		8472367025E0F8A400C8BA46 /* GalleryModel.swift */ = {isa = PBXFileReference; lastKnownFileType = sourcecode.swift; path = GalleryModel.swift; sourceTree = "<group>"; };
		84AAB7CD25E0F96200C862C7 /* GalleryCVCell.swift */ = {isa = PBXFileReference; lastKnownFileType = sourcecode.swift; path = GalleryCVCell.swift; sourceTree = "<group>"; };
		84AAB7D525E0FA1300C862C7 /* GalleryNetworkService.swift */ = {isa = PBXFileReference; lastKnownFileType = sourcecode.swift; path = GalleryNetworkService.swift; sourceTree = "<group>"; };
		84B49EE425EFAF1100B09830 /* UIKit + Extention.swift */ = {isa = PBXFileReference; lastKnownFileType = sourcecode.swift; path = "UIKit + Extention.swift"; sourceTree = "<group>"; };
		84B49EE725EFB27900B09830 /* FavoriteManager.swift */ = {isa = PBXFileReference; lastKnownFileType = sourcecode.swift; path = FavoriteManager.swift; sourceTree = "<group>"; };
		84CBAFD925E109A00010F2C9 /* DetailImageVC.swift */ = {isa = PBXFileReference; lastKnownFileType = sourcecode.swift; path = DetailImageVC.swift; sourceTree = "<group>"; };
		84CBAFDF25E115180010F2C9 /* DetailPresenter.swift */ = {isa = PBXFileReference; lastKnownFileType = sourcecode.swift; path = DetailPresenter.swift; sourceTree = "<group>"; };
		84CBAFE625E131320010F2C9 /* AddToFavoriteManager.swift */ = {isa = PBXFileReference; lastKnownFileType = sourcecode.swift; path = AddToFavoriteManager.swift; sourceTree = "<group>"; };
		84CBAFEF25E246A10010F2C9 /* FavoriteImagesVC.swift */ = {isa = PBXFileReference; lastKnownFileType = sourcecode.swift; path = FavoriteImagesVC.swift; sourceTree = "<group>"; };
		84CBAFFB25E4F5EE0010F2C9 /* FavoriteCollectionViewCell.swift */ = {isa = PBXFileReference; lastKnownFileType = sourcecode.swift; path = FavoriteCollectionViewCell.swift; sourceTree = "<group>"; };
		87F3F120EC342B538A570A17 /* Pods-TestOne.debug.xcconfig */ = {isa = PBXFileReference; includeInIndex = 1; lastKnownFileType = text.xcconfig; name = "Pods-TestOne.debug.xcconfig"; path = "Target Support Files/Pods-TestOne/Pods-TestOne.debug.xcconfig"; sourceTree = "<group>"; };
		C301055E2D7BD6B4BDCE513A /* Pods_TestOne.framework */ = {isa = PBXFileReference; explicitFileType = wrapper.framework; includeInIndex = 0; path = Pods_TestOne.framework; sourceTree = BUILT_PRODUCTS_DIR; };
/* End PBXFileReference section */

/* Begin PBXFrameworksBuildPhase section */
		8472364E25E0F86600C8BA46 /* Frameworks */ = {
			isa = PBXFrameworksBuildPhase;
			buildActionMask = 2147483647;
			files = (
				D4412D8BCC82D210353CDC1B /* Pods_TestOne.framework in Frameworks */,
			);
			runOnlyForDeploymentPostprocessing = 0;
		};
/* End PBXFrameworksBuildPhase section */

/* Begin PBXGroup section */
		5602480D042F4A5FE2222F41 /* Frameworks */ = {
			isa = PBXGroup;
			children = (
				C301055E2D7BD6B4BDCE513A /* Pods_TestOne.framework */,
			);
			name = Frameworks;
			sourceTree = "<group>";
		};
		840CA92625F0E8E900DB79BC /* Helper */ = {
			isa = PBXGroup;
			children = (
				84B49EE425EFAF1100B09830 /* UIKit + Extention.swift */,
			);
			path = Helper;
			sourceTree = "<group>";
		};
		8425753B25E6BCC4001B5EE6 /* Model */ = {
			isa = PBXGroup;
			children = (
				84B49EE725EFB27900B09830 /* FavoriteManager.swift */,
			);
			path = Model;
			sourceTree = "<group>";
		};
		8472364825E0F86600C8BA46 = {
			isa = PBXGroup;
			children = (
				8472365325E0F86600C8BA46 /* TestOne */,
				8472365225E0F86600C8BA46 /* Products */,
				F6ED60AB433DB29C96BEDF45 /* Pods */,
				5602480D042F4A5FE2222F41 /* Frameworks */,
			);
			sourceTree = "<group>";
		};
		8472365225E0F86600C8BA46 /* Products */ = {
			isa = PBXGroup;
			children = (
				8472365125E0F86600C8BA46 /* TestOne.app */,
			);
			name = Products;
			sourceTree = "<group>";
		};
		8472365325E0F86600C8BA46 /* TestOne */ = {
			isa = PBXGroup;
			children = (
				8472365425E0F86600C8BA46 /* AppDelegate.swift */,
				8472365625E0F86600C8BA46 /* SceneDelegate.swift */,
				8472366925E0F88400C8BA46 /* GalleryModule */,
				84CBAFDC25E114EC0010F2C9 /* DetailModule */,
				84CBAFF525E246B80010F2C9 /* FavoriteModule */,
				840CA92625F0E8E900DB79BC /* Helper */,
				8472365A25E0F86600C8BA46 /* Main.storyboard */,
				8472365D25E0F86700C8BA46 /* Assets.xcassets */,
				8472365F25E0F86700C8BA46 /* LaunchScreen.storyboard */,
				8472366225E0F86700C8BA46 /* Info.plist */,
			);
			path = TestOne;
			sourceTree = "<group>";
		};
		8472366925E0F88400C8BA46 /* GalleryModule */ = {
			isa = PBXGroup;
			children = (
				8472366B25E0F88C00C8BA46 /* View */,
				8472367325E0F8A800C8BA46 /* Presenter */,
				8472367525E0F8AD00C8BA46 /* Model */,
				84AAB7D825E0FA1800C862C7 /* NetworkService */,
			);
			path = GalleryModule;
			sourceTree = "<group>";
		};
		8472366B25E0F88C00C8BA46 /* View */ = {
			isa = PBXGroup;
			children = (
				8472365825E0F86600C8BA46 /* GalleryVC.swift */,
				84AAB7CD25E0F96200C862C7 /* GalleryCVCell.swift */,
			);
			path = View;
			sourceTree = "<group>";
		};
		8472367325E0F8A800C8BA46 /* Presenter */ = {
			isa = PBXGroup;
			children = (
				8472366D25E0F89800C8BA46 /* GalleryPresenter.swift */,
			);
			path = Presenter;
			sourceTree = "<group>";
		};
		8472367525E0F8AD00C8BA46 /* Model */ = {
			isa = PBXGroup;
			children = (
				8472367025E0F8A400C8BA46 /* GalleryModel.swift */,
				84CBAFE625E131320010F2C9 /* AddToFavoriteManager.swift */,
			);
			path = Model;
			sourceTree = "<group>";
		};
		84AAB7D825E0FA1800C862C7 /* NetworkService */ = {
			isa = PBXGroup;
			children = (
				84AAB7D525E0FA1300C862C7 /* GalleryNetworkService.swift */,
			);
			path = NetworkService;
			sourceTree = "<group>";
		};
		84CBAFDC25E114EC0010F2C9 /* DetailModule */ = {
			isa = PBXGroup;
			children = (
				84CBAFDE25E114FA0010F2C9 /* View */,
				84CBAFE325E1151D0010F2C9 /* Presenter */,
			);
			path = DetailModule;
			sourceTree = "<group>";
		};
		84CBAFDE25E114FA0010F2C9 /* View */ = {
			isa = PBXGroup;
			children = (
				84CBAFD925E109A00010F2C9 /* DetailImageVC.swift */,
			);
			path = View;
			sourceTree = "<group>";
		};
		84CBAFE325E1151D0010F2C9 /* Presenter */ = {
			isa = PBXGroup;
			children = (
				84CBAFDF25E115180010F2C9 /* DetailPresenter.swift */,
			);
			path = Presenter;
			sourceTree = "<group>";
		};
		84CBAFF525E246B80010F2C9 /* FavoriteModule */ = {
			isa = PBXGroup;
			children = (
				84CBAFF725E246ED0010F2C9 /* View */,
				8425753B25E6BCC4001B5EE6 /* Model */,
			);
			path = FavoriteModule;
			sourceTree = "<group>";
		};
		84CBAFF725E246ED0010F2C9 /* View */ = {
			isa = PBXGroup;
			children = (
				84CBAFEF25E246A10010F2C9 /* FavoriteImagesVC.swift */,
				84CBAFFB25E4F5EE0010F2C9 /* FavoriteCollectionViewCell.swift */,
				840CA92925F115BA00DB79BC /* GalleryTabBar.swift */,
			);
			path = View;
			sourceTree = "<group>";
		};
		F6ED60AB433DB29C96BEDF45 /* Pods */ = {
			isa = PBXGroup;
			children = (
				87F3F120EC342B538A570A17 /* Pods-TestOne.debug.xcconfig */,
				7B9FE943698FE85C88690181 /* Pods-TestOne.release.xcconfig */,
			);
			path = Pods;
			sourceTree = "<group>";
		};
/* End PBXGroup section */

/* Begin PBXNativeTarget section */
		8472365025E0F86600C8BA46 /* TestOne */ = {
			isa = PBXNativeTarget;
			buildConfigurationList = 8472366525E0F86700C8BA46 /* Build configuration list for PBXNativeTarget "TestOne" */;
			buildPhases = (
				C0573AFFF4420BC486244110 /* [CP] Check Pods Manifest.lock */,
				8472364D25E0F86600C8BA46 /* Sources */,
				8472364E25E0F86600C8BA46 /* Frameworks */,
				8472364F25E0F86600C8BA46 /* Resources */,
				0105108DA6C97CE13518FB6D /* [CP] Embed Pods Frameworks */,
			);
			buildRules = (
			);
			dependencies = (
			);
			name = TestOne;
			productName = TestOne;
			productReference = 8472365125E0F86600C8BA46 /* TestOne.app */;
			productType = "com.apple.product-type.application";
		};
/* End PBXNativeTarget section */

/* Begin PBXProject section */
		8472364925E0F86600C8BA46 /* Project object */ = {
			isa = PBXProject;
			attributes = {
				LastSwiftUpdateCheck = 1230;
				LastUpgradeCheck = 1230;
				TargetAttributes = {
					8472365025E0F86600C8BA46 = {
						CreatedOnToolsVersion = 12.3;
					};
				};
			};
			buildConfigurationList = 8472364C25E0F86600C8BA46 /* Build configuration list for PBXProject "TestOne" */;
			compatibilityVersion = "Xcode 9.3";
			developmentRegion = en;
			hasScannedForEncodings = 0;
			knownRegions = (
				en,
				Base,
			);
			mainGroup = 8472364825E0F86600C8BA46;
			productRefGroup = 8472365225E0F86600C8BA46 /* Products */;
			projectDirPath = "";
			projectRoot = "";
			targets = (
				8472365025E0F86600C8BA46 /* TestOne */,
			);
		};
/* End PBXProject section */

/* Begin PBXResourcesBuildPhase section */
		8472364F25E0F86600C8BA46 /* Resources */ = {
			isa = PBXResourcesBuildPhase;
			buildActionMask = 2147483647;
			files = (
				8472366125E0F86700C8BA46 /* LaunchScreen.storyboard in Resources */,
				8472365E25E0F86700C8BA46 /* Assets.xcassets in Resources */,
				8472365C25E0F86600C8BA46 /* Main.storyboard in Resources */,
			);
			runOnlyForDeploymentPostprocessing = 0;
		};
/* End PBXResourcesBuildPhase section */

/* Begin PBXShellScriptBuildPhase section */
		0105108DA6C97CE13518FB6D /* [CP] Embed Pods Frameworks */ = {
			isa = PBXShellScriptBuildPhase;
			buildActionMask = 2147483647;
			files = (
			);
			inputFileListPaths = (
				"${PODS_ROOT}/Target Support Files/Pods-TestOne/Pods-TestOne-frameworks-${CONFIGURATION}-input-files.xcfilelist",
			);
			name = "[CP] Embed Pods Frameworks";
			outputFileListPaths = (
				"${PODS_ROOT}/Target Support Files/Pods-TestOne/Pods-TestOne-frameworks-${CONFIGURATION}-output-files.xcfilelist",
			);
			runOnlyForDeploymentPostprocessing = 0;
			shellPath = /bin/sh;
			shellScript = "\"${PODS_ROOT}/Target Support Files/Pods-TestOne/Pods-TestOne-frameworks.sh\"\n";
			showEnvVarsInLog = 0;
		};
		C0573AFFF4420BC486244110 /* [CP] Check Pods Manifest.lock */ = {
			isa = PBXShellScriptBuildPhase;
			buildActionMask = 2147483647;
			files = (
			);
			inputFileListPaths = (
			);
			inputPaths = (
				"${PODS_PODFILE_DIR_PATH}/Podfile.lock",
				"${PODS_ROOT}/Manifest.lock",
			);
			name = "[CP] Check Pods Manifest.lock";
			outputFileListPaths = (
			);
			outputPaths = (
				"$(DERIVED_FILE_DIR)/Pods-TestOne-checkManifestLockResult.txt",
			);
			runOnlyForDeploymentPostprocessing = 0;
			shellPath = /bin/sh;
			shellScript = "diff \"${PODS_PODFILE_DIR_PATH}/Podfile.lock\" \"${PODS_ROOT}/Manifest.lock\" > /dev/null\nif [ $? != 0 ] ; then\n    # print error to STDERR\n    echo \"error: The sandbox is not in sync with the Podfile.lock. Run 'pod install' or update your CocoaPods installation.\" >&2\n    exit 1\nfi\n# This output is used by Xcode 'outputs' to avoid re-running this script phase.\necho \"SUCCESS\" > \"${SCRIPT_OUTPUT_FILE_0}\"\n";
			showEnvVarsInLog = 0;
		};
/* End PBXShellScriptBuildPhase section */

/* Begin PBXSourcesBuildPhase section */
		8472364D25E0F86600C8BA46 /* Sources */ = {
			isa = PBXSourcesBuildPhase;
			buildActionMask = 2147483647;
			files = (
				84B49EE825EFB27900B09830 /* FavoriteManager.swift in Sources */,
				8472365925E0F86600C8BA46 /* GalleryVC.swift in Sources */,
				8472365525E0F86600C8BA46 /* AppDelegate.swift in Sources */,
				8472365725E0F86600C8BA46 /* SceneDelegate.swift in Sources */,
				840CA92A25F115BA00DB79BC /* GalleryTabBar.swift in Sources */,
				84CBAFE025E115180010F2C9 /* DetailPresenter.swift in Sources */,
				84CBAFFC25E4F5EE0010F2C9 /* FavoriteCollectionViewCell.swift in Sources */,
				84CBAFF025E246A10010F2C9 /* FavoriteImagesVC.swift in Sources */,
				84CBAFE725E131320010F2C9 /* AddToFavoriteManager.swift in Sources */,
				8472367125E0F8A400C8BA46 /* GalleryModel.swift in Sources */,
				84B49EE525EFAF1100B09830 /* UIKit + Extention.swift in Sources */,
				8472366E25E0F89800C8BA46 /* GalleryPresenter.swift in Sources */,
				84AAB7D625E0FA1300C862C7 /* GalleryNetworkService.swift in Sources */,
				84CBAFDA25E109A00010F2C9 /* DetailImageVC.swift in Sources */,
				84AAB7CE25E0F96200C862C7 /* GalleryCVCell.swift in Sources */,
			);
			runOnlyForDeploymentPostprocessing = 0;
		};
/* End PBXSourcesBuildPhase section */

/* Begin PBXVariantGroup section */
		8472365A25E0F86600C8BA46 /* Main.storyboard */ = {
			isa = PBXVariantGroup;
			children = (
				8472365B25E0F86600C8BA46 /* Base */,
			);
			name = Main.storyboard;
			sourceTree = "<group>";
		};
		8472365F25E0F86700C8BA46 /* LaunchScreen.storyboard */ = {
			isa = PBXVariantGroup;
			children = (
				8472366025E0F86700C8BA46 /* Base */,
			);
			name = LaunchScreen.storyboard;
			sourceTree = "<group>";
		};
/* End PBXVariantGroup section */

/* Begin XCBuildConfiguration section */
		8472366325E0F86700C8BA46 /* Debug */ = {
			isa = XCBuildConfiguration;
			buildSettings = {
				ALWAYS_SEARCH_USER_PATHS = NO;
				CLANG_ANALYZER_NONNULL = YES;
				CLANG_ANALYZER_NUMBER_OBJECT_CONVERSION = YES_AGGRESSIVE;
				CLANG_CXX_LANGUAGE_STANDARD = "gnu++14";
				CLANG_CXX_LIBRARY = "libc++";
				CLANG_ENABLE_MODULES = YES;
				CLANG_ENABLE_OBJC_ARC = YES;
				CLANG_ENABLE_OBJC_WEAK = YES;
				CLANG_WARN_BLOCK_CAPTURE_AUTORELEASING = YES;
				CLANG_WARN_BOOL_CONVERSION = YES;
				CLANG_WARN_COMMA = YES;
				CLANG_WARN_CONSTANT_CONVERSION = YES;
				CLANG_WARN_DEPRECATED_OBJC_IMPLEMENTATIONS = YES;
				CLANG_WARN_DIRECT_OBJC_ISA_USAGE = YES_ERROR;
				CLANG_WARN_DOCUMENTATION_COMMENTS = YES;
				CLANG_WARN_EMPTY_BODY = YES;
				CLANG_WARN_ENUM_CONVERSION = YES;
				CLANG_WARN_INFINITE_RECURSION = YES;
				CLANG_WARN_INT_CONVERSION = YES;
				CLANG_WARN_NON_LITERAL_NULL_CONVERSION = YES;
				CLANG_WARN_OBJC_IMPLICIT_RETAIN_SELF = YES;
				CLANG_WARN_OBJC_LITERAL_CONVERSION = YES;
				CLANG_WARN_OBJC_ROOT_CLASS = YES_ERROR;
				CLANG_WARN_QUOTED_INCLUDE_IN_FRAMEWORK_HEADER = YES;
				CLANG_WARN_RANGE_LOOP_ANALYSIS = YES;
				CLANG_WARN_STRICT_PROTOTYPES = YES;
				CLANG_WARN_SUSPICIOUS_MOVE = YES;
				CLANG_WARN_UNGUARDED_AVAILABILITY = YES_AGGRESSIVE;
				CLANG_WARN_UNREACHABLE_CODE = YES;
				CLANG_WARN__DUPLICATE_METHOD_MATCH = YES;
				COPY_PHASE_STRIP = NO;
				DEBUG_INFORMATION_FORMAT = dwarf;
				ENABLE_STRICT_OBJC_MSGSEND = YES;
				ENABLE_TESTABILITY = YES;
				GCC_C_LANGUAGE_STANDARD = gnu11;
				GCC_DYNAMIC_NO_PIC = NO;
				GCC_NO_COMMON_BLOCKS = YES;
				GCC_OPTIMIZATION_LEVEL = 0;
				GCC_PREPROCESSOR_DEFINITIONS = (
					"DEBUG=1",
					"$(inherited)",
				);
				GCC_WARN_64_TO_32_BIT_CONVERSION = YES;
				GCC_WARN_ABOUT_RETURN_TYPE = YES_ERROR;
				GCC_WARN_UNDECLARED_SELECTOR = YES;
				GCC_WARN_UNINITIALIZED_AUTOS = YES_AGGRESSIVE;
				GCC_WARN_UNUSED_FUNCTION = YES;
				GCC_WARN_UNUSED_VARIABLE = YES;
				IPHONEOS_DEPLOYMENT_TARGET = 14.3;
				MTL_ENABLE_DEBUG_INFO = INCLUDE_SOURCE;
				MTL_FAST_MATH = YES;
				ONLY_ACTIVE_ARCH = YES;
				SDKROOT = iphoneos;
				SWIFT_ACTIVE_COMPILATION_CONDITIONS = DEBUG;
				SWIFT_OPTIMIZATION_LEVEL = "-Onone";
			};
			name = Debug;
		};
		8472366425E0F86700C8BA46 /* Release */ = {
			isa = XCBuildConfiguration;
			buildSettings = {
				ALWAYS_SEARCH_USER_PATHS = NO;
				CLANG_ANALYZER_NONNULL = YES;
				CLANG_ANALYZER_NUMBER_OBJECT_CONVERSION = YES_AGGRESSIVE;
				CLANG_CXX_LANGUAGE_STANDARD = "gnu++14";
				CLANG_CXX_LIBRARY = "libc++";
				CLANG_ENABLE_MODULES = YES;
				CLANG_ENABLE_OBJC_ARC = YES;
				CLANG_ENABLE_OBJC_WEAK = YES;
				CLANG_WARN_BLOCK_CAPTURE_AUTORELEASING = YES;
				CLANG_WARN_BOOL_CONVERSION = YES;
				CLANG_WARN_COMMA = YES;
				CLANG_WARN_CONSTANT_CONVERSION = YES;
				CLANG_WARN_DEPRECATED_OBJC_IMPLEMENTATIONS = YES;
				CLANG_WARN_DIRECT_OBJC_ISA_USAGE = YES_ERROR;
				CLANG_WARN_DOCUMENTATION_COMMENTS = YES;
				CLANG_WARN_EMPTY_BODY = YES;
				CLANG_WARN_ENUM_CONVERSION = YES;
				CLANG_WARN_INFINITE_RECURSION = YES;
				CLANG_WARN_INT_CONVERSION = YES;
				CLANG_WARN_NON_LITERAL_NULL_CONVERSION = YES;
				CLANG_WARN_OBJC_IMPLICIT_RETAIN_SELF = YES;
				CLANG_WARN_OBJC_LITERAL_CONVERSION = YES;
				CLANG_WARN_OBJC_ROOT_CLASS = YES_ERROR;
				CLANG_WARN_QUOTED_INCLUDE_IN_FRAMEWORK_HEADER = YES;
				CLANG_WARN_RANGE_LOOP_ANALYSIS = YES;
				CLANG_WARN_STRICT_PROTOTYPES = YES;
				CLANG_WARN_SUSPICIOUS_MOVE = YES;
				CLANG_WARN_UNGUARDED_AVAILABILITY = YES_AGGRESSIVE;
				CLANG_WARN_UNREACHABLE_CODE = YES;
				CLANG_WARN__DUPLICATE_METHOD_MATCH = YES;
				COPY_PHASE_STRIP = NO;
				DEBUG_INFORMATION_FORMAT = "dwarf-with-dsym";
				ENABLE_NS_ASSERTIONS = NO;
				ENABLE_STRICT_OBJC_MSGSEND = YES;
				GCC_C_LANGUAGE_STANDARD = gnu11;
				GCC_NO_COMMON_BLOCKS = YES;
				GCC_WARN_64_TO_32_BIT_CONVERSION = YES;
				GCC_WARN_ABOUT_RETURN_TYPE = YES_ERROR;
				GCC_WARN_UNDECLARED_SELECTOR = YES;
				GCC_WARN_UNINITIALIZED_AUTOS = YES_AGGRESSIVE;
				GCC_WARN_UNUSED_FUNCTION = YES;
				GCC_WARN_UNUSED_VARIABLE = YES;
				IPHONEOS_DEPLOYMENT_TARGET = 14.3;
				MTL_ENABLE_DEBUG_INFO = NO;
				MTL_FAST_MATH = YES;
				SDKROOT = iphoneos;
				SWIFT_COMPILATION_MODE = wholemodule;
				SWIFT_OPTIMIZATION_LEVEL = "-O";
				VALIDATE_PRODUCT = YES;
			};
			name = Release;
		};
		8472366625E0F86700C8BA46 /* Debug */ = {
			isa = XCBuildConfiguration;
			baseConfigurationReference = 87F3F120EC342B538A570A17 /* Pods-TestOne.debug.xcconfig */;
			buildSettings = {
				ASSETCATALOG_COMPILER_APPICON_NAME = AppIcon;
				ASSETCATALOG_COMPILER_GLOBAL_ACCENT_COLOR_NAME = AccentColor;
				CODE_SIGN_STYLE = Automatic;
				DEVELOPMENT_TEAM = XK4D24WZ52;
				INFOPLIST_FILE = TestOne/Info.plist;
				LD_RUNPATH_SEARCH_PATHS = (
					"$(inherited)",
					"@executable_path/Frameworks",
				);
				PRODUCT_BUNDLE_IDENTIFIER = com.muslim.TestOne;
				PRODUCT_NAME = "$(TARGET_NAME)";
				SWIFT_VERSION = 5.0;
				TARGETED_DEVICE_FAMILY = "1,2";
			};
			name = Debug;
		};
		8472366725E0F86700C8BA46 /* Release */ = {
			isa = XCBuildConfiguration;
			baseConfigurationReference = 7B9FE943698FE85C88690181 /* Pods-TestOne.release.xcconfig */;
			buildSettings = {
				ASSETCATALOG_COMPILER_APPICON_NAME = AppIcon;
				ASSETCATALOG_COMPILER_GLOBAL_ACCENT_COLOR_NAME = AccentColor;
				CODE_SIGN_STYLE = Automatic;
				DEVELOPMENT_TEAM = XK4D24WZ52;
				INFOPLIST_FILE = TestOne/Info.plist;
				LD_RUNPATH_SEARCH_PATHS = (
					"$(inherited)",
					"@executable_path/Frameworks",
				);
				PRODUCT_BUNDLE_IDENTIFIER = com.muslim.TestOne;
				PRODUCT_NAME = "$(TARGET_NAME)";
				SWIFT_VERSION = 5.0;
				TARGETED_DEVICE_FAMILY = "1,2";
			};
			name = Release;
		};
/* End XCBuildConfiguration section */

/* Begin XCConfigurationList section */
		8472364C25E0F86600C8BA46 /* Build configuration list for PBXProject "TestOne" */ = {
			isa = XCConfigurationList;
			buildConfigurations = (
				8472366325E0F86700C8BA46 /* Debug */,
				8472366425E0F86700C8BA46 /* Release */,
			);
			defaultConfigurationIsVisible = 0;
			defaultConfigurationName = Release;
		};
		8472366525E0F86700C8BA46 /* Build configuration list for PBXNativeTarget "TestOne" */ = {
			isa = XCConfigurationList;
			buildConfigurations = (
				8472366625E0F86700C8BA46 /* Debug */,
				8472366725E0F86700C8BA46 /* Release */,
			);
			defaultConfigurationIsVisible = 0;
			defaultConfigurationName = Release;
		};
/* End XCConfigurationList section */
	};
	rootObject = 8472364925E0F86600C8BA46 /* Project object */;
}
